
Microsoft Visual Studio Solution File, Format Version 12.00
# Visual Studio 14
VisualStudioVersion = 14.0.22512.0
MinimumVisualStudioVersion = 10.0.40219.1
Project("{FAE04EC0-301F-11D3-BF4B-00C04F79EFBC}") = "CollectData", "CollectData\CollectData.csproj", "{B2C97D62-8941-4FB0-9484-C3E564F495FA}"
EndProject
Global
	GlobalSection(SolutionConfigurationPlatforms) = preSolution
		Debug|Any CPU = Debug|Any CPU
		Release|Any CPU = Release|Any CPU
	EndGlobalSection
	GlobalSection(ProjectConfigurationPlatforms) = postSolution
		{B2C97D62-8941-4FB0-9484-C3E564F495FA}.Debug|Any CPU.ActiveCfg = Debug|Any CPU
		{B2C97D62-8941-4FB0-9484-C3E564F495FA}.Debug|Any CPU.Build.0 = Debug|Any CPU
		{B2C97D62-8941-4FB0-9484-C3E564F495FA}.Release|Any CPU.ActiveCfg = Release|Any CPU
		{B2C97D62-8941-4FB0-9484-C3E564F495FA}.Release|Any CPU.Build.0 = Release|Any CPU
	EndGlobalSection
	GlobalSection(SolutionProperties) = preSolution
		HideSolutionNode = FALSE
	EndGlobalSection
EndGlobal
